// !$*UTF8*$!
{
	archiveVersion = 1;
	classes = {
	};
	objectVersion = 77;
	objects = {

/* Begin PBXBuildFile section */
		DC3446682DAEEBD3009F5087 /* Collections in Frameworks */ = {isa = PBXBuildFile; productRef = DC3446672DAEEBD3009F5087 /* Collections */; };
		DC34466A2DAEEBD3009F5087 /* DequeModule in Frameworks */ = {isa = PBXBuildFile; productRef = DC3446692DAEEBD3009F5087 /* DequeModule */; };
/* End PBXBuildFile section */

/* Begin PBXContainerItemProxy section */
		DC4D6B1B2DA59D5300D57560 /* PBXContainerItemProxy */ = {
			isa = PBXContainerItemProxy;
			containerPortal = DC4D6B022DA59D4E00D57560 /* Project object */;
			proxyType = 1;
			remoteGlobalIDString = DC4D6B092DA59D4E00D57560;
			remoteInfo = cxd599l_a1;
		};
		DC4D6B252DA59D5300D57560 /* PBXContainerItemProxy */ = {
			isa = PBXContainerItemProxy;
			containerPortal = DC4D6B022DA59D4E00D57560 /* Project object */;
			proxyType = 1;
			remoteGlobalIDString = DC4D6B092DA59D4E00D57560;
			remoteInfo = cxd599l_a1;
		};
/* End PBXContainerItemProxy section */

/* Begin PBXFileReference section */
		DC4D6B0A2DA59D4E00D57560 /* cxd599l_a1.app */ = {isa = PBXFileReference; explicitFileType = wrapper.application; includeInIndex = 0; path = cxd599l_a1.app; sourceTree = BUILT_PRODUCTS_DIR; };
		DC4D6B1A2DA59D5300D57560 /* cxd599l_a1Tests.xctest */ = {isa = PBXFileReference; explicitFileType = wrapper.cfbundle; includeInIndex = 0; path = cxd599l_a1Tests.xctest; sourceTree = BUILT_PRODUCTS_DIR; };
		DC4D6B242DA59D5300D57560 /* cxd599l_a1UITests.xctest */ = {isa = PBXFileReference; explicitFileType = wrapper.cfbundle; includeInIndex = 0; path = cxd599l_a1UITests.xctest; sourceTree = BUILT_PRODUCTS_DIR; };
/* End PBXFileReference section */

/* Begin PBXFileSystemSynchronizedRootGroup section */
		DC4D6B0C2DA59D4E00D57560 /* cxd599l_a1 */ = {
			isa = PBXFileSystemSynchronizedRootGroup;
			path = cxd599l_a1;
			sourceTree = "<group>";
		};
		DC4D6B1D2DA59D5300D57560 /* cxd599l_a1Tests */ = {
			isa = PBXFileSystemSynchronizedRootGroup;
			path = cxd599l_a1Tests;
			sourceTree = "<group>";
		};
		DC4D6B272DA59D5300D57560 /* cxd599l_a1UITests */ = {
			isa = PBXFileSystemSynchronizedRootGroup;
			path = cxd599l_a1UITests;
			sourceTree = "<group>";
		};
/* End PBXFileSystemSynchronizedRootGroup section */

/* Begin PBXFrameworksBuildPhase section */
		DC4D6B072DA59D4E00D57560 /* Frameworks */ = {
			isa = PBXFrameworksBuildPhase;
			buildActionMask = 2147483647;
			files = (
				DC3446682DAEEBD3009F5087 /* Collections in Frameworks */,
				DC34466A2DAEEBD3009F5087 /* DequeModule in Frameworks */,
			);
			runOnlyForDeploymentPostprocessing = 0;
		};
		DC4D6B172DA59D5300D57560 /* Frameworks */ = {
			isa = PBXFrameworksBuildPhase;
			buildActionMask = 2147483647;
			files = (
			);
			runOnlyForDeploymentPostprocessing = 0;
		};
		DC4D6B212DA59D5300D57560 /* Frameworks */ = {
			isa = PBXFrameworksBuildPhase;
			buildActionMask = 2147483647;
			files = (
			);
			runOnlyForDeploymentPostprocessing = 0;
		};
/* End PBXFrameworksBuildPhase section */

/* Begin PBXGroup section */
		DC4D6B012DA59D4E00D57560 = {
			isa = PBXGroup;
			children = (
				DC4D6B0C2DA59D4E00D57560 /* cxd599l_a1 */,
				DC4D6B1D2DA59D5300D57560 /* cxd599l_a1Tests */,
				DC4D6B272DA59D5300D57560 /* cxd599l_a1UITests */,
				DC4D6B0B2DA59D4E00D57560 /* Products */,
			);
			sourceTree = "<group>";
		};
		DC4D6B0B2DA59D4E00D57560 /* Products */ = {
			isa = PBXGroup;
			children = (
				DC4D6B0A2DA59D4E00D57560 /* cxd599l_a1.app */,
				DC4D6B1A2DA59D5300D57560 /* cxd599l_a1Tests.xctest */,
				DC4D6B242DA59D5300D57560 /* cxd599l_a1UITests.xctest */,
			);
			name = Products;
			sourceTree = "<group>";
		};
/* End PBXGroup section */

/* Begin PBXNativeTarget section */
		DC4D6B092DA59D4E00D57560 /* cxd599l_a1 */ = {
			isa = PBXNativeTarget;
			buildConfigurationList = DC4D6B2E2DA59D5300D57560 /* Build configuration list for PBXNativeTarget "cxd599l_a1" */;
			buildPhases = (
				DC4D6B062DA59D4E00D57560 /* Sources */,
				DC4D6B072DA59D4E00D57560 /* Frameworks */,
				DC4D6B082DA59D4E00D57560 /* Resources */,
			);
			buildRules = (
			);
			dependencies = (
			);
			fileSystemSynchronizedGroups = (
				DC4D6B0C2DA59D4E00D57560 /* cxd599l_a1 */,
			);
			name = cxd599l_a1;
			packageProductDependencies = (
				DC3446672DAEEBD3009F5087 /* Collections */,
				DC3446692DAEEBD3009F5087 /* DequeModule */,
			);
			productName = cxd599l_a1;
			productReference = DC4D6B0A2DA59D4E00D57560 /* cxd599l_a1.app */;
			productType = "com.apple.product-type.application";
		};
		DC4D6B192DA59D5300D57560 /* cxd599l_a1Tests */ = {
			isa = PBXNativeTarget;
			buildConfigurationList = DC4D6B312DA59D5300D57560 /* Build configuration list for PBXNativeTarget "cxd599l_a1Tests" */;
			buildPhases = (
				DC4D6B162DA59D5300D57560 /* Sources */,
				DC4D6B172DA59D5300D57560 /* Frameworks */,
				DC4D6B182DA59D5300D57560 /* Resources */,
			);
			buildRules = (
			);
			dependencies = (
				DC4D6B1C2DA59D5300D57560 /* PBXTargetDependency */,
			);
			fileSystemSynchronizedGroups = (
				DC4D6B1D2DA59D5300D57560 /* cxd599l_a1Tests */,
			);
			name = cxd599l_a1Tests;
			packageProductDependencies = (
			);
			productName = cxd599l_a1Tests;
			productReference = DC4D6B1A2DA59D5300D57560 /* cxd599l_a1Tests.xctest */;
			productType = "com.apple.product-type.bundle.unit-test";
		};
		DC4D6B232DA59D5300D57560 /* cxd599l_a1UITests */ = {
			isa = PBXNativeTarget;
			buildConfigurationList = DC4D6B342DA59D5300D57560 /* Build configuration list for PBXNativeTarget "cxd599l_a1UITests" */;
			buildPhases = (
				DC4D6B202DA59D5300D57560 /* Sources */,
				DC4D6B212DA59D5300D57560 /* Frameworks */,
				DC4D6B222DA59D5300D57560 /* Resources */,
			);
			buildRules = (
			);
			dependencies = (
				DC4D6B262DA59D5300D57560 /* PBXTargetDependency */,
			);
			fileSystemSynchronizedGroups = (
				DC4D6B272DA59D5300D57560 /* cxd599l_a1UITests */,
			);
			name = cxd599l_a1UITests;
			packageProductDependencies = (
			);
			productName = cxd599l_a1UITests;
			productReference = DC4D6B242DA59D5300D57560 /* cxd599l_a1UITests.xctest */;
			productType = "com.apple.product-type.bundle.ui-testing";
		};
/* End PBXNativeTarget section */

/* Begin PBXProject section */
		DC4D6B022DA59D4E00D57560 /* Project object */ = {
			isa = PBXProject;
			attributes = {
				BuildIndependentTargetsInParallel = 1;
				LastSwiftUpdateCheck = 1620;
				LastUpgradeCheck = 1620;
				TargetAttributes = {
					DC4D6B092DA59D4E00D57560 = {
						CreatedOnToolsVersion = 16.2;
					};
					DC4D6B192DA59D5300D57560 = {
						CreatedOnToolsVersion = 16.2;
						TestTargetID = DC4D6B092DA59D4E00D57560;
					};
					DC4D6B232DA59D5300D57560 = {
						CreatedOnToolsVersion = 16.2;
						TestTargetID = DC4D6B092DA59D4E00D57560;
					};
				};
			};
			buildConfigurationList = DC4D6B052DA59D4E00D57560 /* Build configuration list for PBXProject "cxd599l_a1" */;
			developmentRegion = en;
			hasScannedForEncodings = 0;
			knownRegions = (
				en,
				Base,
			);
			mainGroup = DC4D6B012DA59D4E00D57560;
			minimizedProjectReferenceProxies = 1;
			packageReferences = (
				DC3446662DAEEBD3009F5087 /* XCRemoteSwiftPackageReference "swift-collections" */,
			);
			preferredProjectObjectVersion = 77;
			productRefGroup = DC4D6B0B2DA59D4E00D57560 /* Products */;
			projectDirPath = "";
			projectRoot = "";
			targets = (
				DC4D6B092DA59D4E00D57560 /* cxd599l_a1 */,
				DC4D6B192DA59D5300D57560 /* cxd599l_a1Tests */,
				DC4D6B232DA59D5300D57560 /* cxd599l_a1UITests */,
			);
		};
/* End PBXProject section */

/* Begin PBXResourcesBuildPhase section */
		DC4D6B082DA59D4E00D57560 /* Resources */ = {
			isa = PBXResourcesBuildPhase;
			buildActionMask = 2147483647;
			files = (
			);
			runOnlyForDeploymentPostprocessing = 0;
		};
		DC4D6B182DA59D5300D57560 /* Resources */ = {
			isa = PBXResourcesBuildPhase;
			buildActionMask = 2147483647;
			files = (
			);
			runOnlyForDeploymentPostprocessing = 0;
		};
		DC4D6B222DA59D5300D57560 /* Resources */ = {
			isa = PBXResourcesBuildPhase;
			buildActionMask = 2147483647;
			files = (
			);
			runOnlyForDeploymentPostprocessing = 0;
		};
/* End PBXResourcesBuildPhase section */

/* Begin PBXSourcesBuildPhase section */
		DC4D6B062DA59D4E00D57560 /* Sources */ = {
			isa = PBXSourcesBuildPhase;
			buildActionMask = 2147483647;
			files = (
			);
			runOnlyForDeploymentPostprocessing = 0;
		};
		DC4D6B162DA59D5300D57560 /* Sources */ = {
			isa = PBXSourcesBuildPhase;
			buildActionMask = 2147483647;
			files = (
			);
			runOnlyForDeploymentPostprocessing = 0;
		};
		DC4D6B202DA59D5300D57560 /* Sources */ = {
			isa = PBXSourcesBuildPhase;
			buildActionMask = 2147483647;
			files = (
			);
			runOnlyForDeploymentPostprocessing = 0;
		};
/* End PBXSourcesBuildPhase section */

/* Begin PBXTargetDependency section */
		DC4D6B1C2DA59D5300D57560 /* PBXTargetDependency */ = {
			isa = PBXTargetDependency;
			target = DC4D6B092DA59D4E00D57560 /* cxd599l_a1 */;
			targetProxy = DC4D6B1B2DA59D5300D57560 /* PBXContainerItemProxy */;
		};
		DC4D6B262DA59D5300D57560 /* PBXTargetDependency */ = {
			isa = PBXTargetDependency;
			target = DC4D6B092DA59D4E00D57560 /* cxd599l_a1 */;
			targetProxy = DC4D6B252DA59D5300D57560 /* PBXContainerItemProxy */;
		};
/* End PBXTargetDependency section */

/* Begin XCBuildConfiguration section */
		DC4D6B2C2DA59D5300D57560 /* Debug */ = {
			isa = XCBuildConfiguration;
			buildSettings = {
				ALWAYS_SEARCH_USER_PATHS = NO;
				ASSETCATALOG_COMPILER_GENERATE_SWIFT_ASSET_SYMBOL_EXTENSIONS = YES;
				CLANG_ANALYZER_NONNULL = YES;
				CLANG_ANALYZER_NUMBER_OBJECT_CONVERSION = YES_AGGRESSIVE;
				CLANG_CXX_LANGUAGE_STANDARD = "gnu++20";
				CLANG_ENABLE_MODULES = YES;
				CLANG_ENABLE_OBJC_ARC = YES;
				CLANG_ENABLE_OBJC_WEAK = YES;
				CLANG_WARN_BLOCK_CAPTURE_AUTORELEASING = YES;
				CLANG_WARN_BOOL_CONVERSION = YES;
				CLANG_WARN_COMMA = YES;
				CLANG_WARN_CONSTANT_CONVERSION = YES;
				CLANG_WARN_DEPRECATED_OBJC_IMPLEMENTATIONS = YES;
				CLANG_WARN_DIRECT_OBJC_ISA_USAGE = YES_ERROR;
				CLANG_WARN_DOCUMENTATION_COMMENTS = YES;
				CLANG_WARN_EMPTY_BODY = YES;
				CLANG_WARN_ENUM_CONVERSION = YES;
				CLANG_WARN_INFINITE_RECURSION = YES;
				CLANG_WARN_INT_CONVERSION = YES;
				CLANG_WARN_NON_LITERAL_NULL_CONVERSION = YES;
				CLANG_WARN_OBJC_IMPLICIT_RETAIN_SELF = YES;
				CLANG_WARN_OBJC_LITERAL_CONVERSION = YES;
				CLANG_WARN_OBJC_ROOT_CLASS = YES_ERROR;
				CLANG_WARN_QUOTED_INCLUDE_IN_FRAMEWORK_HEADER = YES;
				CLANG_WARN_RANGE_LOOP_ANALYSIS = YES;
				CLANG_WARN_STRICT_PROTOTYPES = YES;
				CLANG_WARN_SUSPICIOUS_MOVE = YES;
				CLANG_WARN_UNGUARDED_AVAILABILITY = YES_AGGRESSIVE;
				CLANG_WARN_UNREACHABLE_CODE = YES;
				CLANG_WARN__DUPLICATE_METHOD_MATCH = YES;
				COPY_PHASE_STRIP = NO;
				DEBUG_INFORMATION_FORMAT = dwarf;
				ENABLE_STRICT_OBJC_MSGSEND = YES;
				ENABLE_TESTABILITY = YES;
				ENABLE_USER_SCRIPT_SANDBOXING = YES;
				GCC_C_LANGUAGE_STANDARD = gnu17;
				GCC_DYNAMIC_NO_PIC = NO;
				GCC_NO_COMMON_BLOCKS = YES;
				GCC_OPTIMIZATION_LEVEL = 0;
				GCC_PREPROCESSOR_DEFINITIONS = (
					"DEBUG=1",
					"$(inherited)",
				);
				GCC_WARN_64_TO_32_BIT_CONVERSION = YES;
				GCC_WARN_ABOUT_RETURN_TYPE = YES_ERROR;
				GCC_WARN_UNDECLARED_SELECTOR = YES;
				GCC_WARN_UNINITIALIZED_AUTOS = YES_AGGRESSIVE;
				GCC_WARN_UNUSED_FUNCTION = YES;
				GCC_WARN_UNUSED_VARIABLE = YES;
				IPHONEOS_DEPLOYMENT_TARGET = 18.2;
				LOCALIZATION_PREFERS_STRING_CATALOGS = YES;
				MTL_ENABLE_DEBUG_INFO = INCLUDE_SOURCE;
				MTL_FAST_MATH = YES;
				ONLY_ACTIVE_ARCH = YES;
				SDKROOT = iphoneos;
				SWIFT_ACTIVE_COMPILATION_CONDITIONS = "DEBUG $(inherited)";
				SWIFT_OPTIMIZATION_LEVEL = "-Onone";
			};
			name = Debug;
		};
		DC4D6B2D2DA59D5300D57560 /* Release */ = {
			isa = XCBuildConfiguration;
			buildSettings = {
				ALWAYS_SEARCH_USER_PATHS = NO;
				ASSETCATALOG_COMPILER_GENERATE_SWIFT_ASSET_SYMBOL_EXTENSIONS = YES;
				CLANG_ANALYZER_NONNULL = YES;
				CLANG_ANALYZER_NUMBER_OBJECT_CONVERSION = YES_AGGRESSIVE;
				CLANG_CXX_LANGUAGE_STANDARD = "gnu++20";
				CLANG_ENABLE_MODULES = YES;
				CLANG_ENABLE_OBJC_ARC = YES;
				CLANG_ENABLE_OBJC_WEAK = YES;
				CLANG_WARN_BLOCK_CAPTURE_AUTORELEASING = YES;
				CLANG_WARN_BOOL_CONVERSION = YES;
				CLANG_WARN_COMMA = YES;
				CLANG_WARN_CONSTANT_CONVERSION = YES;
				CLANG_WARN_DEPRECATED_OBJC_IMPLEMENTATIONS = YES;
				CLANG_WARN_DIRECT_OBJC_ISA_USAGE = YES_ERROR;
				CLANG_WARN_DOCUMENTATION_COMMENTS = YES;
				CLANG_WARN_EMPTY_BODY = YES;
				CLANG_WARN_ENUM_CONVERSION = YES;
				CLANG_WARN_INFINITE_RECURSION = YES;
				CLANG_WARN_INT_CONVERSION = YES;
				CLANG_WARN_NON_LITERAL_NULL_CONVERSION = YES;
				CLANG_WARN_OBJC_IMPLICIT_RETAIN_SELF = YES;
				CLANG_WARN_OBJC_LITERAL_CONVERSION = YES;
				CLANG_WARN_OBJC_ROOT_CLASS = YES_ERROR;
				CLANG_WARN_QUOTED_INCLUDE_IN_FRAMEWORK_HEADER = YES;
				CLANG_WARN_RANGE_LOOP_ANALYSIS = YES;
				CLANG_WARN_STRICT_PROTOTYPES = YES;
				CLANG_WARN_SUSPICIOUS_MOVE = YES;
				CLANG_WARN_UNGUARDED_AVAILABILITY = YES_AGGRESSIVE;
				CLANG_WARN_UNREACHABLE_CODE = YES;
				CLANG_WARN__DUPLICATE_METHOD_MATCH = YES;
				COPY_PHASE_STRIP = NO;
				DEBUG_INFORMATION_FORMAT = "dwarf-with-dsym";
				ENABLE_NS_ASSERTIONS = NO;
				ENABLE_STRICT_OBJC_MSGSEND = YES;
				ENABLE_USER_SCRIPT_SANDBOXING = YES;
				GCC_C_LANGUAGE_STANDARD = gnu17;
				GCC_NO_COMMON_BLOCKS = YES;
				GCC_WARN_64_TO_32_BIT_CONVERSION = YES;
				GCC_WARN_ABOUT_RETURN_TYPE = YES_ERROR;
				GCC_WARN_UNDECLARED_SELECTOR = YES;
				GCC_WARN_UNINITIALIZED_AUTOS = YES_AGGRESSIVE;
				GCC_WARN_UNUSED_FUNCTION = YES;
				GCC_WARN_UNUSED_VARIABLE = YES;
				IPHONEOS_DEPLOYMENT_TARGET = 18.2;
				LOCALIZATION_PREFERS_STRING_CATALOGS = YES;
				MTL_ENABLE_DEBUG_INFO = NO;
				MTL_FAST_MATH = YES;
				SDKROOT = iphoneos;
				SWIFT_COMPILATION_MODE = wholemodule;
				VALIDATE_PRODUCT = YES;
			};
			name = Release;
		};
		DC4D6B2F2DA59D5300D57560 /* Debug */ = {
			isa = XCBuildConfiguration;
			buildSettings = {
				ASSETCATALOG_COMPILER_APPICON_NAME = AppIcon;
				ASSETCATALOG_COMPILER_GLOBAL_ACCENT_COLOR_NAME = AccentColor;
				CODE_SIGN_STYLE = Automatic;
				CURRENT_PROJECT_VERSION = 1;
				DEVELOPMENT_ASSET_PATHS = "\"cxd599l_a1/Preview Content\"";
				DEVELOPMENT_TEAM = 3TLL3VJD85;
				ENABLE_PREVIEWS = YES;
				GENERATE_INFOPLIST_FILE = YES;
				INFOPLIST_KEY_UIApplicationSceneManifest_Generation = YES;
				INFOPLIST_KEY_UIApplicationSupportsIndirectInputEvents = YES;
				INFOPLIST_KEY_UILaunchScreen_Generation = YES;
				INFOPLIST_KEY_UISupportedInterfaceOrientations_iPad = "UIInterfaceOrientationPortrait UIInterfaceOrientationPortraitUpsideDown UIInterfaceOrientationLandscapeLeft UIInterfaceOrientationLandscapeRight";
				INFOPLIST_KEY_UISupportedInterfaceOrientations_iPhone = "UIInterfaceOrientationPortrait UIInterfaceOrientationLandscapeLeft UIInterfaceOrientationLandscapeRight";
				IPHONEOS_DEPLOYMENT_TARGET = 17.6;
				LD_RUNPATH_SEARCH_PATHS = (
					"$(inherited)",
					"@executable_path/Frameworks",
				);
				MARKETING_VERSION = 1.0;
				PRODUCT_BUNDLE_IDENTIFIER = "uw.cxd599l-a1";
				PRODUCT_NAME = "$(TARGET_NAME)";
				SWIFT_EMIT_LOC_STRINGS = YES;
				SWIFT_VERSION = 5.0;
				TARGETED_DEVICE_FAMILY = "1,2";
			};
			name = Debug;
		};
		DC4D6B302DA59D5300D57560 /* Release */ = {
			isa = XCBuildConfiguration;
			buildSettings = {
				ASSETCATALOG_COMPILER_APPICON_NAME = AppIcon;
				ASSETCATALOG_COMPILER_GLOBAL_ACCENT_COLOR_NAME = AccentColor;
				CODE_SIGN_STYLE = Automatic;
				CURRENT_PROJECT_VERSION = 1;
				DEVELOPMENT_ASSET_PATHS = "\"cxd599l_a1/Preview Content\"";
				DEVELOPMENT_TEAM = 3TLL3VJD85;
				ENABLE_PREVIEWS = YES;
				GENERATE_INFOPLIST_FILE = YES;
				INFOPLIST_KEY_UIApplicationSceneManifest_Generation = YES;
				INFOPLIST_KEY_UIApplicationSupportsIndirectInputEvents = YES;
				INFOPLIST_KEY_UILaunchScreen_Generation = YES;
				INFOPLIST_KEY_UISupportedInterfaceOrientations_iPad = "UIInterfaceOrientationPortrait UIInterfaceOrientationPortraitUpsideDown UIInterfaceOrientationLandscapeLeft UIInterfaceOrientationLandscapeRight";
				INFOPLIST_KEY_UISupportedInterfaceOrientations_iPhone = "UIInterfaceOrientationPortrait UIInterfaceOrientationLandscapeLeft UIInterfaceOrientationLandscapeRight";
				IPHONEOS_DEPLOYMENT_TARGET = 17.6;
				LD_RUNPATH_SEARCH_PATHS = (
					"$(inherited)",
					"@executable_path/Frameworks",
				);
				MARKETING_VERSION = 1.0;
				PRODUCT_BUNDLE_IDENTIFIER = "uw.cxd599l-a1";
				PRODUCT_NAME = "$(TARGET_NAME)";
				SWIFT_EMIT_LOC_STRINGS = YES;
				SWIFT_VERSION = 5.0;
				TARGETED_DEVICE_FAMILY = "1,2";
			};
			name = Release;
		};
		DC4D6B322DA59D5300D57560 /* Debug */ = {
			isa = XCBuildConfiguration;
			buildSettings = {
				BUNDLE_LOADER = "$(TEST_HOST)";
				CODE_SIGN_STYLE = Automatic;
				CURRENT_PROJECT_VERSION = 1;
				DEVELOPMENT_TEAM = 3TLL3VJD85;
				GENERATE_INFOPLIST_FILE = YES;
				IPHONEOS_DEPLOYMENT_TARGET = 18.2;
				MARKETING_VERSION = 1.0;
				PRODUCT_BUNDLE_IDENTIFIER = "uw.cxd599l-a1Tests";
				PRODUCT_NAME = "$(TARGET_NAME)";
				SWIFT_EMIT_LOC_STRINGS = NO;
				SWIFT_VERSION = 5.0;
				TARGETED_DEVICE_FAMILY = "1,2";
				TEST_HOST = "$(BUILT_PRODUCTS_DIR)/cxd599l_a1.app/$(BUNDLE_EXECUTABLE_FOLDER_PATH)/cxd599l_a1";
			};
			name = Debug;
		};
		DC4D6B332DA59D5300D57560 /* Release */ = {
			isa = XCBuildConfiguration;
			buildSettings = {
				BUNDLE_LOADER = "$(TEST_HOST)";
				CODE_SIGN_STYLE = Automatic;
				CURRENT_PROJECT_VERSION = 1;
				DEVELOPMENT_TEAM = 3TLL3VJD85;
				GENERATE_INFOPLIST_FILE = YES;
				IPHONEOS_DEPLOYMENT_TARGET = 18.2;
				MARKETING_VERSION = 1.0;
				PRODUCT_BUNDLE_IDENTIFIER = "uw.cxd599l-a1Tests";
				PRODUCT_NAME = "$(TARGET_NAME)";
				SWIFT_EMIT_LOC_STRINGS = NO;
				SWIFT_VERSION = 5.0;
				TARGETED_DEVICE_FAMILY = "1,2";
				TEST_HOST = "$(BUILT_PRODUCTS_DIR)/cxd599l_a1.app/$(BUNDLE_EXECUTABLE_FOLDER_PATH)/cxd599l_a1";
			};
			name = Release;
		};
		DC4D6B352DA59D5300D57560 /* Debug */ = {
			isa = XCBuildConfiguration;
			buildSettings = {
				CODE_SIGN_STYLE = Automatic;
				CURRENT_PROJECT_VERSION = 1;
				DEVELOPMENT_TEAM = 3TLL3VJD85;
				GENERATE_INFOPLIST_FILE = YES;
				MARKETING_VERSION = 1.0;
				PRODUCT_BUNDLE_IDENTIFIER = "uw.cxd599l-a1UITests";
				PRODUCT_NAME = "$(TARGET_NAME)";
				SWIFT_EMIT_LOC_STRINGS = NO;
				SWIFT_VERSION = 5.0;
				TARGETED_DEVICE_FAMILY = "1,2";
				TEST_TARGET_NAME = cxd599l_a1;
			};
			name = Debug;
		};
		DC4D6B362DA59D5300D57560 /* Release */ = {
			isa = XCBuildConfiguration;
			buildSettings = {
				CODE_SIGN_STYLE = Automatic;
				CURRENT_PROJECT_VERSION = 1;
				DEVELOPMENT_TEAM = 3TLL3VJD85;
				GENERATE_INFOPLIST_FILE = YES;
				MARKETING_VERSION = 1.0;
				PRODUCT_BUNDLE_IDENTIFIER = "uw.cxd599l-a1UITests";
				PRODUCT_NAME = "$(TARGET_NAME)";
				SWIFT_EMIT_LOC_STRINGS = NO;
				SWIFT_VERSION = 5.0;
				TARGETED_DEVICE_FAMILY = "1,2";
				TEST_TARGET_NAME = cxd599l_a1;
			};
			name = Release;
		};
/* End XCBuildConfiguration section */

/* Begin XCConfigurationList section */
		DC4D6B052DA59D4E00D57560 /* Build configuration list for PBXProject "cxd599l_a1" */ = {
			isa = XCConfigurationList;
			buildConfigurations = (
				DC4D6B2C2DA59D5300D57560 /* Debug */,
				DC4D6B2D2DA59D5300D57560 /* Release */,
			);
			defaultConfigurationIsVisible = 0;
			defaultConfigurationName = Release;
		};
		DC4D6B2E2DA59D5300D57560 /* Build configuration list for PBXNativeTarget "cxd599l_a1" */ = {
			isa = XCConfigurationList;
			buildConfigurations = (
				DC4D6B2F2DA59D5300D57560 /* Debug */,
				DC4D6B302DA59D5300D57560 /* Release */,
			);
			defaultConfigurationIsVisible = 0;
			defaultConfigurationName = Release;
		};
		DC4D6B312DA59D5300D57560 /* Build configuration list for PBXNativeTarget "cxd599l_a1Tests" */ = {
			isa = XCConfigurationList;
			buildConfigurations = (
				DC4D6B322DA59D5300D57560 /* Debug */,
				DC4D6B332DA59D5300D57560 /* Release */,
			);
			defaultConfigurationIsVisible = 0;
			defaultConfigurationName = Release;
		};
		DC4D6B342DA59D5300D57560 /* Build configuration list for PBXNativeTarget "cxd599l_a1UITests" */ = {
			isa = XCConfigurationList;
			buildConfigurations = (
				DC4D6B352DA59D5300D57560 /* Debug */,
				DC4D6B362DA59D5300D57560 /* Release */,
			);
			defaultConfigurationIsVisible = 0;
			defaultConfigurationName = Release;
		};
/* End XCConfigurationList section */

/* Begin XCRemoteSwiftPackageReference section */
		DC3446662DAEEBD3009F5087 /* XCRemoteSwiftPackageReference "swift-collections" */ = {
			isa = XCRemoteSwiftPackageReference;
			repositoryURL = "https://github.com/apple/swift-collections.git";
			requirement = {
				kind = upToNextMajorVersion;
				minimumVersion = 1.1.4;
			};
		};
/* End XCRemoteSwiftPackageReference section */

/* Begin XCSwiftPackageProductDependency section */
		DC3446672DAEEBD3009F5087 /* Collections */ = {
			isa = XCSwiftPackageProductDependency;
			package = DC3446662DAEEBD3009F5087 /* XCRemoteSwiftPackageReference "swift-collections" */;
			productName = Collections;
		};
		DC3446692DAEEBD3009F5087 /* DequeModule */ = {
			isa = XCSwiftPackageProductDependency;
			package = DC3446662DAEEBD3009F5087 /* XCRemoteSwiftPackageReference "swift-collections" */;
			productName = DequeModule;
		};
/* End XCSwiftPackageProductDependency section */
	};
	rootObject = DC4D6B022DA59D4E00D57560 /* Project object */;
}
